
Microsoft Visual Studio Solution File, Format Version 12.00
# Visual Studio Version 17
VisualStudioVersion = 17.5.33516.290
MinimumVisualStudioVersion = 10.0.40219.1
Project("{FAE04EC0-301F-11D3-BF4B-00C04F79EFBC}") = "Examen_U3", "Examen_U3\Examen_U3.csproj", "{484839C7-5026-432E-8219-31EC6643ACAF}"
EndProject
Global
	GlobalSection(SolutionConfigurationPlatforms) = preSolution
		Debug|Any CPU = Debug|Any CPU
		Release|Any CPU = Release|Any CPU
	EndGlobalSection
	GlobalSection(ProjectConfigurationPlatforms) = postSolution
		{484839C7-5026-432E-8219-31EC6643ACAF}.Debug|Any CPU.ActiveCfg = Debug|Any CPU
		{484839C7-5026-432E-8219-31EC6643ACAF}.Debug|Any CPU.Build.0 = Debug|Any CPU
		{484839C7-5026-432E-8219-31EC6643ACAF}.Release|Any CPU.ActiveCfg = Release|Any CPU
		{484839C7-5026-432E-8219-31EC6643ACAF}.Release|Any CPU.Build.0 = Release|Any CPU
	EndGlobalSection
	GlobalSection(SolutionProperties) = preSolution
		HideSolutionNode = FALSE
	EndGlobalSection
	GlobalSection(ExtensibilityGlobals) = postSolution
		SolutionGuid = {3C206389-F2B9-4412-825E-AFDD5BF48E11}
	EndGlobalSection
EndGlobal
